<?xml version="1.0" encoding="utf-8"?>
<Project ToolsVersion="4.0" xmlns="http://schemas.microsoft.com/developer/msbuild/2003">
  <ItemGroup>
    <Filter Include="Source Files">
      <UniqueIdentifier>{8ee395bd-8e8f-4218-adc3-6f83e7eb8d70}</UniqueIdentifier>
    </Filter>
    <Filter Include="Header Files">
      <UniqueIdentifier>{ab76e878-0954-4aae-a1c0-67d1823da95e}</UniqueIdentifier>
    </Filter>
  </ItemGroup>
  <ItemGroup>
    <ClCompile Include="..\..\adig.c">
      <Filter>Source Files</Filter>
    </ClCompile>
    <ClCompile Include="..\..\ares_getopt.c">
      <Filter>Source Files</Filter>
    </ClCompile>
    <ClCompile Include="..\..\ares_nowarn.c">
      <Filter>Source Files</Filter>
    </ClCompile>
    <ClCompile Include="..\..\ares_strcasecmp.c">
      <Filter>Source Files</Filter>
    </ClCompile>
    <ClCompile Include="..\..\inet_net_pton.c">
      <Filter>Source Files</Filter>
    </ClCompile>
    <ClCompile Include="..\..\inet_ntop.c">
      <Filter>Source Files</Filter>
    </ClCompile>
  </ItemGroup>
  <ItemGroup>
    <ClInclude Include="..\..\ares_getopt.h">
      <Filter>Header Files</Filter>
    </ClInclude>
    <ClInclude Include="..\..\ares_nowarn.h">
      <Filter>Header Files</Filter>
    </ClInclude>
    <ClInclude Include="..\..\ares_strcasecmp.h">
      <Filter>Header Files</Filter>
    </ClInclude>
    <ClInclude Include="..\..\inet_net_pton.h">
      <Filter>Header Files</Filter>
    </ClInclude>
    <ClInclude Include="..\..\inet_ntop.h">
      <Filter>Header Files</Filter>
    </ClInclude>
  </ItemGroup>
</Project>